
Microsoft Visual Studio Solution File, Format Version 10.00
# Visual Studio 2008
Project("{FAE04EC0-301F-11D3-BF4B-00C04F79EFBC}") = "TextHello", "TextHello\TextHello.csproj", "{4939C713-2F29-43DA-8A95-F8B377E3F5C7}"
EndProject
Global
	GlobalSection(SolutionConfigurationPlatforms) = preSolution
		Debug|Any CPU = Debug|Any CPU
		Release|Any CPU = Release|Any CPU
	EndGlobalSection
	GlobalSection(ProjectConfigurationPlatforms) = postSolution
		{4939C713-2F29-43DA-8A95-F8B377E3F5C7}.Debug|Any CPU.ActiveCfg = Debug|Any CPU
		{4939C713-2F29-43DA-8A95-F8B377E3F5C7}.Debug|Any CPU.Build.0 = Debug|Any CPU
		{4939C713-2F29-43DA-8A95-F8B377E3F5C7}.Release|Any CPU.ActiveCfg = Release|Any CPU
		{4939C713-2F29-43DA-8A95-F8B377E3F5C7}.Release|Any CPU.Build.0 = Release|Any CPU
	EndGlobalSection
	GlobalSection(SolutionProperties) = preSolution
		HideSolutionNode = FALSE
	EndGlobalSection
EndGlobal
