
Microsoft Visual Studio Solution File, Format Version 10.00
# Visual Studio 2008
Project("{FAE04EC0-301F-11D3-BF4B-00C04F79EFBC}") = "Operators", "Operators\Operators.csproj", "{D40268FE-D26B-47F5-9434-49EB11F908FE}"
EndProject
Global
	GlobalSection(SolutionConfigurationPlatforms) = preSolution
		Debug|Any CPU = Debug|Any CPU
		Release|Any CPU = Release|Any CPU
	EndGlobalSection
	GlobalSection(ProjectConfigurationPlatforms) = postSolution
		{D40268FE-D26B-47F5-9434-49EB11F908FE}.Debug|Any CPU.ActiveCfg = Debug|Any CPU
		{D40268FE-D26B-47F5-9434-49EB11F908FE}.Debug|Any CPU.Build.0 = Debug|Any CPU
		{D40268FE-D26B-47F5-9434-49EB11F908FE}.Release|Any CPU.ActiveCfg = Release|Any CPU
		{D40268FE-D26B-47F5-9434-49EB11F908FE}.Release|Any CPU.Build.0 = Release|Any CPU
	EndGlobalSection
	GlobalSection(SolutionProperties) = preSolution
		HideSolutionNode = FALSE
	EndGlobalSection
EndGlobal
